
Microsoft Visual Studio Solution File, Format Version 12.00
# Visual Studio Version 18
VisualStudioVersion = 18.1.11312.151 d18.0
MinimumVisualStudioVersion = 10.0.40219.1
Project("{FAE04EC0-301F-11D3-BF4B-00C04F79EFBC}") = "PrintBed", "PrintBed.csproj", "{6E02E81F-51CB-95FA-863E-D0CE0478B39D}"
EndProject
Global
	GlobalSection(SolutionConfigurationPlatforms) = preSolution
		Debug|Any CPU = Debug|Any CPU
		Release|Any CPU = Release|Any CPU
	EndGlobalSection
	GlobalSection(ProjectConfigurationPlatforms) = postSolution
		{6E02E81F-51CB-95FA-863E-D0CE0478B39D}.Debug|Any CPU.ActiveCfg = Debug|Any CPU
		{6E02E81F-51CB-95FA-863E-D0CE0478B39D}.Debug|Any CPU.Build.0 = Debug|Any CPU
		{6E02E81F-51CB-95FA-863E-D0CE0478B39D}.Release|Any CPU.ActiveCfg = Release|Any CPU
		{6E02E81F-51CB-95FA-863E-D0CE0478B39D}.Release|Any CPU.Build.0 = Release|Any CPU
	EndGlobalSection
	GlobalSection(SolutionProperties) = preSolution
		HideSolutionNode = FALSE
	EndGlobalSection
	GlobalSection(ExtensibilityGlobals) = postSolution
		SolutionGuid = {933857D1-1BBD-41F7-9E01-7B5C6806E669}
	EndGlobalSection
EndGlobal
